// !$*UTF8*$!
{
	archiveVersion = 1;
	classes = {
	};
	objectVersion = 56;
	objects = {

/* Begin PBXBuildFile section */
		7923BCE429DC5BBC00715344 /* AppDelegate.swift in Sources */ = {isa = PBXBuildFile; fileRef = 7923BCE329DC5BBC00715344 /* AppDelegate.swift */; };
		7923BCE629DC5BBC00715344 /* SceneDelegate.swift in Sources */ = {isa = PBXBuildFile; fileRef = 7923BCE529DC5BBC00715344 /* SceneDelegate.swift */; };
		7923BCEB29DC5BBC00715344 /* Main.storyboard in Resources */ = {isa = PBXBuildFile; fileRef = 7923BCE929DC5BBC00715344 /* Main.storyboard */; };
		7923BCED29DC5BBD00715344 /* Assets.xcassets in Resources */ = {isa = PBXBuildFile; fileRef = 7923BCEC29DC5BBD00715344 /* Assets.xcassets */; };
		7923BCF029DC5BBD00715344 /* LaunchScreen.storyboard in Resources */ = {isa = PBXBuildFile; fileRef = 7923BCEE29DC5BBD00715344 /* LaunchScreen.storyboard */; };
		7923BCF929DC5C0100715344 /* NewsListTableViewController.swift in Sources */ = {isa = PBXBuildFile; fileRef = 7923BCF829DC5C0100715344 /* NewsListTableViewController.swift */; };
		7923BCFC29DC612900715344 /* WebService.swift in Sources */ = {isa = PBXBuildFile; fileRef = 7923BCFB29DC612900715344 /* WebService.swift */; };
		7923BCFF29DC657800715344 /* Article.swift in Sources */ = {isa = PBXBuildFile; fileRef = 7923BCFE29DC657800715344 /* Article.swift */; };
		7923BD0229DC6A8700715344 /* ArticleViewModel.swift in Sources */ = {isa = PBXBuildFile; fileRef = 7923BD0129DC6A8700715344 /* ArticleViewModel.swift */; };
		7923BD0529DC6E2500715344 /* ArticleTableViewCell.swift in Sources */ = {isa = PBXBuildFile; fileRef = 7923BD0429DC6E2500715344 /* ArticleTableViewCell.swift */; };
/* End PBXBuildFile section */

/* Begin PBXFileReference section */
		7923BCE029DC5BBC00715344 /* GoodNews.app */ = {isa = PBXFileReference; explicitFileType = wrapper.application; includeInIndex = 0; path = GoodNews.app; sourceTree = BUILT_PRODUCTS_DIR; };
		7923BCE329DC5BBC00715344 /* AppDelegate.swift */ = {isa = PBXFileReference; lastKnownFileType = sourcecode.swift; path = AppDelegate.swift; sourceTree = "<group>"; };
		7923BCE529DC5BBC00715344 /* SceneDelegate.swift */ = {isa = PBXFileReference; lastKnownFileType = sourcecode.swift; path = SceneDelegate.swift; sourceTree = "<group>"; };
		7923BCEA29DC5BBC00715344 /* Base */ = {isa = PBXFileReference; lastKnownFileType = file.storyboard; name = Base; path = Base.lproj/Main.storyboard; sourceTree = "<group>"; };
		7923BCEC29DC5BBD00715344 /* Assets.xcassets */ = {isa = PBXFileReference; lastKnownFileType = folder.assetcatalog; path = Assets.xcassets; sourceTree = "<group>"; };
		7923BCEF29DC5BBD00715344 /* Base */ = {isa = PBXFileReference; lastKnownFileType = file.storyboard; name = Base; path = Base.lproj/LaunchScreen.storyboard; sourceTree = "<group>"; };
		7923BCF129DC5BBD00715344 /* Info.plist */ = {isa = PBXFileReference; lastKnownFileType = text.plist.xml; path = Info.plist; sourceTree = "<group>"; };
		7923BCF829DC5C0100715344 /* NewsListTableViewController.swift */ = {isa = PBXFileReference; lastKnownFileType = sourcecode.swift; path = NewsListTableViewController.swift; sourceTree = "<group>"; };
		7923BCFB29DC612900715344 /* WebService.swift */ = {isa = PBXFileReference; lastKnownFileType = sourcecode.swift; path = WebService.swift; sourceTree = "<group>"; };
		7923BCFE29DC657800715344 /* Article.swift */ = {isa = PBXFileReference; lastKnownFileType = sourcecode.swift; path = Article.swift; sourceTree = "<group>"; };
		7923BD0129DC6A8700715344 /* ArticleViewModel.swift */ = {isa = PBXFileReference; lastKnownFileType = sourcecode.swift; path = ArticleViewModel.swift; sourceTree = "<group>"; };
		7923BD0429DC6E2500715344 /* ArticleTableViewCell.swift */ = {isa = PBXFileReference; lastKnownFileType = sourcecode.swift; path = ArticleTableViewCell.swift; sourceTree = "<group>"; };
/* End PBXFileReference section */

/* Begin PBXFrameworksBuildPhase section */
		7923BCDD29DC5BBC00715344 /* Frameworks */ = {
			isa = PBXFrameworksBuildPhase;
			buildActionMask = 2147483647;
			files = (
			);
			runOnlyForDeploymentPostprocessing = 0;
		};
/* End PBXFrameworksBuildPhase section */

/* Begin PBXGroup section */
		7923BCD729DC5BBC00715344 = {
			isa = PBXGroup;
			children = (
				7923BCE229DC5BBC00715344 /* GoodNews */,
				7923BCE129DC5BBC00715344 /* Products */,
			);
			sourceTree = "<group>";
		};
		7923BCE129DC5BBC00715344 /* Products */ = {
			isa = PBXGroup;
			children = (
				7923BCE029DC5BBC00715344 /* GoodNews.app */,
			);
			name = Products;
			sourceTree = "<group>";
		};
		7923BCE229DC5BBC00715344 /* GoodNews */ = {
			isa = PBXGroup;
			children = (
				7923BD0329DC6E1000715344 /* Cells */,
				7923BD0029DC6A6700715344 /* ViewModels */,
				7923BCFD29DC656800715344 /* Models */,
				7923BCFA29DC611B00715344 /* Services */,
				7923BCF729DC5BDC00715344 /* Controllers */,
				7923BCE329DC5BBC00715344 /* AppDelegate.swift */,
				7923BCE529DC5BBC00715344 /* SceneDelegate.swift */,
				7923BCE929DC5BBC00715344 /* Main.storyboard */,
				7923BCEC29DC5BBD00715344 /* Assets.xcassets */,
				7923BCEE29DC5BBD00715344 /* LaunchScreen.storyboard */,
				7923BCF129DC5BBD00715344 /* Info.plist */,
			);
			path = GoodNews;
			sourceTree = "<group>";
		};
		7923BCF729DC5BDC00715344 /* Controllers */ = {
			isa = PBXGroup;
			children = (
				7923BCF829DC5C0100715344 /* NewsListTableViewController.swift */,
			);
			path = Controllers;
			sourceTree = "<group>";
		};
		7923BCFA29DC611B00715344 /* Services */ = {
			isa = PBXGroup;
			children = (
				7923BCFB29DC612900715344 /* WebService.swift */,
			);
			path = Services;
			sourceTree = "<group>";
		};
		7923BCFD29DC656800715344 /* Models */ = {
			isa = PBXGroup;
			children = (
				7923BCFE29DC657800715344 /* Article.swift */,
			);
			path = Models;
			sourceTree = "<group>";
		};
		7923BD0029DC6A6700715344 /* ViewModels */ = {
			isa = PBXGroup;
			children = (
				7923BD0129DC6A8700715344 /* ArticleViewModel.swift */,
			);
			path = ViewModels;
			sourceTree = "<group>";
		};
		7923BD0329DC6E1000715344 /* Cells */ = {
			isa = PBXGroup;
			children = (
				7923BD0429DC6E2500715344 /* ArticleTableViewCell.swift */,
			);
			path = Cells;
			sourceTree = "<group>";
		};
/* End PBXGroup section */

/* Begin PBXNativeTarget section */
		7923BCDF29DC5BBC00715344 /* GoodNews */ = {
			isa = PBXNativeTarget;
			buildConfigurationList = 7923BCF429DC5BBD00715344 /* Build configuration list for PBXNativeTarget "GoodNews" */;
			buildPhases = (
				7923BCDC29DC5BBC00715344 /* Sources */,
				7923BCDD29DC5BBC00715344 /* Frameworks */,
				7923BCDE29DC5BBC00715344 /* Resources */,
			);
			buildRules = (
			);
			dependencies = (
			);
			name = GoodNews;
			productName = GoodNews;
			productReference = 7923BCE029DC5BBC00715344 /* GoodNews.app */;
			productType = "com.apple.product-type.application";
		};
/* End PBXNativeTarget section */

/* Begin PBXProject section */
		7923BCD829DC5BBC00715344 /* Project object */ = {
			isa = PBXProject;
			attributes = {
				BuildIndependentTargetsInParallel = 1;
				LastSwiftUpdateCheck = 1430;
				LastUpgradeCheck = 1430;
				TargetAttributes = {
					7923BCDF29DC5BBC00715344 = {
						CreatedOnToolsVersion = 14.3;
					};
				};
			};
			buildConfigurationList = 7923BCDB29DC5BBC00715344 /* Build configuration list for PBXProject "GoodNews" */;
			compatibilityVersion = "Xcode 14.0";
			developmentRegion = en;
			hasScannedForEncodings = 0;
			knownRegions = (
				en,
				Base,
			);
			mainGroup = 7923BCD729DC5BBC00715344;
			productRefGroup = 7923BCE129DC5BBC00715344 /* Products */;
			projectDirPath = "";
			projectRoot = "";
			targets = (
				7923BCDF29DC5BBC00715344 /* GoodNews */,
			);
		};
/* End PBXProject section */

/* Begin PBXResourcesBuildPhase section */
		7923BCDE29DC5BBC00715344 /* Resources */ = {
			isa = PBXResourcesBuildPhase;
			buildActionMask = 2147483647;
			files = (
				7923BCF029DC5BBD00715344 /* LaunchScreen.storyboard in Resources */,
				7923BCED29DC5BBD00715344 /* Assets.xcassets in Resources */,
				7923BCEB29DC5BBC00715344 /* Main.storyboard in Resources */,
			);
			runOnlyForDeploymentPostprocessing = 0;
		};
/* End PBXResourcesBuildPhase section */

/* Begin PBXSourcesBuildPhase section */
		7923BCDC29DC5BBC00715344 /* Sources */ = {
			isa = PBXSourcesBuildPhase;
			buildActionMask = 2147483647;
			files = (
				7923BCE429DC5BBC00715344 /* AppDelegate.swift in Sources */,
				7923BCF929DC5C0100715344 /* NewsListTableViewController.swift in Sources */,
				7923BCFC29DC612900715344 /* WebService.swift in Sources */,
				7923BD0229DC6A8700715344 /* ArticleViewModel.swift in Sources */,
				7923BCE629DC5BBC00715344 /* SceneDelegate.swift in Sources */,
				7923BD0529DC6E2500715344 /* ArticleTableViewCell.swift in Sources */,
				7923BCFF29DC657800715344 /* Article.swift in Sources */,
			);
			runOnlyForDeploymentPostprocessing = 0;
		};
/* End PBXSourcesBuildPhase section */

/* Begin PBXVariantGroup section */
		7923BCE929DC5BBC00715344 /* Main.storyboard */ = {
			isa = PBXVariantGroup;
			children = (
				7923BCEA29DC5BBC00715344 /* Base */,
			);
			name = Main.storyboard;
			sourceTree = "<group>";
		};
		7923BCEE29DC5BBD00715344 /* LaunchScreen.storyboard */ = {
			isa = PBXVariantGroup;
			children = (
				7923BCEF29DC5BBD00715344 /* Base */,
			);
			name = LaunchScreen.storyboard;
			sourceTree = "<group>";
		};
/* End PBXVariantGroup section */

/* Begin XCBuildConfiguration section */
		7923BCF229DC5BBD00715344 /* Debug */ = {
			isa = XCBuildConfiguration;
			buildSettings = {
				ALWAYS_SEARCH_USER_PATHS = NO;
				CLANG_ANALYZER_NONNULL = YES;
				CLANG_ANALYZER_NUMBER_OBJECT_CONVERSION = YES_AGGRESSIVE;
				CLANG_CXX_LANGUAGE_STANDARD = "gnu++20";
				CLANG_ENABLE_MODULES = YES;
				CLANG_ENABLE_OBJC_ARC = YES;
				CLANG_ENABLE_OBJC_WEAK = YES;
				CLANG_WARN_BLOCK_CAPTURE_AUTORELEASING = YES;
				CLANG_WARN_BOOL_CONVERSION = YES;
				CLANG_WARN_COMMA = YES;
				CLANG_WARN_CONSTANT_CONVERSION = YES;
				CLANG_WARN_DEPRECATED_OBJC_IMPLEMENTATIONS = YES;
				CLANG_WARN_DIRECT_OBJC_ISA_USAGE = YES_ERROR;
				CLANG_WARN_DOCUMENTATION_COMMENTS = YES;
				CLANG_WARN_EMPTY_BODY = YES;
				CLANG_WARN_ENUM_CONVERSION = YES;
				CLANG_WARN_INFINITE_RECURSION = YES;
				CLANG_WARN_INT_CONVERSION = YES;
				CLANG_WARN_NON_LITERAL_NULL_CONVERSION = YES;
				CLANG_WARN_OBJC_IMPLICIT_RETAIN_SELF = YES;
				CLANG_WARN_OBJC_LITERAL_CONVERSION = YES;
				CLANG_WARN_OBJC_ROOT_CLASS = YES_ERROR;
				CLANG_WARN_QUOTED_INCLUDE_IN_FRAMEWORK_HEADER = YES;
				CLANG_WARN_RANGE_LOOP_ANALYSIS = YES;
				CLANG_WARN_STRICT_PROTOTYPES = YES;
				CLANG_WARN_SUSPICIOUS_MOVE = YES;
				CLANG_WARN_UNGUARDED_AVAILABILITY = YES_AGGRESSIVE;
				CLANG_WARN_UNREACHABLE_CODE = YES;
				CLANG_WARN__DUPLICATE_METHOD_MATCH = YES;
				COPY_PHASE_STRIP = NO;
				DEBUG_INFORMATION_FORMAT = dwarf;
				ENABLE_STRICT_OBJC_MSGSEND = YES;
				ENABLE_TESTABILITY = YES;
				GCC_C_LANGUAGE_STANDARD = gnu11;
				GCC_DYNAMIC_NO_PIC = NO;
				GCC_NO_COMMON_BLOCKS = YES;
				GCC_OPTIMIZATION_LEVEL = 0;
				GCC_PREPROCESSOR_DEFINITIONS = (
					"DEBUG=1",
					"$(inherited)",
				);
				GCC_WARN_64_TO_32_BIT_CONVERSION = YES;
				GCC_WARN_ABOUT_RETURN_TYPE = YES_ERROR;
				GCC_WARN_UNDECLARED_SELECTOR = YES;
				GCC_WARN_UNINITIALIZED_AUTOS = YES_AGGRESSIVE;
				GCC_WARN_UNUSED_FUNCTION = YES;
				GCC_WARN_UNUSED_VARIABLE = YES;
				IPHONEOS_DEPLOYMENT_TARGET = 16.4;
				MTL_ENABLE_DEBUG_INFO = INCLUDE_SOURCE;
				MTL_FAST_MATH = YES;
				ONLY_ACTIVE_ARCH = YES;
				SDKROOT = iphoneos;
				SWIFT_ACTIVE_COMPILATION_CONDITIONS = DEBUG;
				SWIFT_OPTIMIZATION_LEVEL = "-Onone";
			};
			name = Debug;
		};
		7923BCF329DC5BBD00715344 /* Release */ = {
			isa = XCBuildConfiguration;
			buildSettings = {
				ALWAYS_SEARCH_USER_PATHS = NO;
				CLANG_ANALYZER_NONNULL = YES;
				CLANG_ANALYZER_NUMBER_OBJECT_CONVERSION = YES_AGGRESSIVE;
				CLANG_CXX_LANGUAGE_STANDARD = "gnu++20";
				CLANG_ENABLE_MODULES = YES;
				CLANG_ENABLE_OBJC_ARC = YES;
				CLANG_ENABLE_OBJC_WEAK = YES;
				CLANG_WARN_BLOCK_CAPTURE_AUTORELEASING = YES;
				CLANG_WARN_BOOL_CONVERSION = YES;
				CLANG_WARN_COMMA = YES;
				CLANG_WARN_CONSTANT_CONVERSION = YES;
				CLANG_WARN_DEPRECATED_OBJC_IMPLEMENTATIONS = YES;
				CLANG_WARN_DIRECT_OBJC_ISA_USAGE = YES_ERROR;
				CLANG_WARN_DOCUMENTATION_COMMENTS = YES;
				CLANG_WARN_EMPTY_BODY = YES;
				CLANG_WARN_ENUM_CONVERSION = YES;
				CLANG_WARN_INFINITE_RECURSION = YES;
				CLANG_WARN_INT_CONVERSION = YES;
				CLANG_WARN_NON_LITERAL_NULL_CONVERSION = YES;
				CLANG_WARN_OBJC_IMPLICIT_RETAIN_SELF = YES;
				CLANG_WARN_OBJC_LITERAL_CONVERSION = YES;
				CLANG_WARN_OBJC_ROOT_CLASS = YES_ERROR;
				CLANG_WARN_QUOTED_INCLUDE_IN_FRAMEWORK_HEADER = YES;
				CLANG_WARN_RANGE_LOOP_ANALYSIS = YES;
				CLANG_WARN_STRICT_PROTOTYPES = YES;
				CLANG_WARN_SUSPICIOUS_MOVE = YES;
				CLANG_WARN_UNGUARDED_AVAILABILITY = YES_AGGRESSIVE;
				CLANG_WARN_UNREACHABLE_CODE = YES;
				CLANG_WARN__DUPLICATE_METHOD_MATCH = YES;
				COPY_PHASE_STRIP = NO;
				DEBUG_INFORMATION_FORMAT = "dwarf-with-dsym";
				ENABLE_NS_ASSERTIONS = NO;
				ENABLE_STRICT_OBJC_MSGSEND = YES;
				GCC_C_LANGUAGE_STANDARD = gnu11;
				GCC_NO_COMMON_BLOCKS = YES;
				GCC_WARN_64_TO_32_BIT_CONVERSION = YES;
				GCC_WARN_ABOUT_RETURN_TYPE = YES_ERROR;
				GCC_WARN_UNDECLARED_SELECTOR = YES;
				GCC_WARN_UNINITIALIZED_AUTOS = YES_AGGRESSIVE;
				GCC_WARN_UNUSED_FUNCTION = YES;
				GCC_WARN_UNUSED_VARIABLE = YES;
				IPHONEOS_DEPLOYMENT_TARGET = 16.4;
				MTL_ENABLE_DEBUG_INFO = NO;
				MTL_FAST_MATH = YES;
				SDKROOT = iphoneos;
				SWIFT_COMPILATION_MODE = wholemodule;
				SWIFT_OPTIMIZATION_LEVEL = "-O";
				VALIDATE_PRODUCT = YES;
			};
			name = Release;
		};
		7923BCF529DC5BBD00715344 /* Debug */ = {
			isa = XCBuildConfiguration;
			buildSettings = {
				ASSETCATALOG_COMPILER_APPICON_NAME = AppIcon;
				ASSETCATALOG_COMPILER_GLOBAL_ACCENT_COLOR_NAME = AccentColor;
				CODE_SIGN_STYLE = Automatic;
				CURRENT_PROJECT_VERSION = 1;
				DEVELOPMENT_TEAM = AXM54YCJLM;
				GENERATE_INFOPLIST_FILE = YES;
				INFOPLIST_FILE = GoodNews/Info.plist;
				INFOPLIST_KEY_UIApplicationSupportsIndirectInputEvents = YES;
				INFOPLIST_KEY_UILaunchStoryboardName = LaunchScreen;
				INFOPLIST_KEY_UIMainStoryboardFile = Main;
				INFOPLIST_KEY_UIStatusBarStyle = UIStatusBarStyleDarkContent;
				INFOPLIST_KEY_UISupportedInterfaceOrientations = "UIInterfaceOrientationLandscapeLeft UIInterfaceOrientationLandscapeRight UIInterfaceOrientationPortrait";
				INFOPLIST_KEY_UISupportedInterfaceOrientations_iPad = UIInterfaceOrientationPortrait;
				LD_RUNPATH_SEARCH_PATHS = (
					"$(inherited)",
					"@executable_path/Frameworks",
				);
				MARKETING_VERSION = 1.0;
				PRODUCT_BUNDLE_IDENTIFIER = com.nurettin.GoodNews;
				PRODUCT_NAME = "$(TARGET_NAME)";
				SWIFT_EMIT_LOC_STRINGS = YES;
				SWIFT_VERSION = 5.0;
				TARGETED_DEVICE_FAMILY = "1,2";
			};
			name = Debug;
		};
		7923BCF629DC5BBD00715344 /* Release */ = {
			isa = XCBuildConfiguration;
			buildSettings = {
				ASSETCATALOG_COMPILER_APPICON_NAME = AppIcon;
				ASSETCATALOG_COMPILER_GLOBAL_ACCENT_COLOR_NAME = AccentColor;
				CODE_SIGN_STYLE = Automatic;
				CURRENT_PROJECT_VERSION = 1;
				DEVELOPMENT_TEAM = AXM54YCJLM;
				GENERATE_INFOPLIST_FILE = YES;
				INFOPLIST_FILE = GoodNews/Info.plist;
				INFOPLIST_KEY_UIApplicationSupportsIndirectInputEvents = YES;
				INFOPLIST_KEY_UILaunchStoryboardName = LaunchScreen;
				INFOPLIST_KEY_UIMainStoryboardFile = Main;
				INFOPLIST_KEY_UIStatusBarStyle = UIStatusBarStyleDarkContent;
				INFOPLIST_KEY_UISupportedInterfaceOrientations = "UIInterfaceOrientationLandscapeLeft UIInterfaceOrientationLandscapeRight UIInterfaceOrientationPortrait";
				INFOPLIST_KEY_UISupportedInterfaceOrientations_iPad = UIInterfaceOrientationPortrait;
				LD_RUNPATH_SEARCH_PATHS = (
					"$(inherited)",
					"@executable_path/Frameworks",
				);
				MARKETING_VERSION = 1.0;
				PRODUCT_BUNDLE_IDENTIFIER = com.nurettin.GoodNews;
				PRODUCT_NAME = "$(TARGET_NAME)";
				SWIFT_EMIT_LOC_STRINGS = YES;
				SWIFT_VERSION = 5.0;
				TARGETED_DEVICE_FAMILY = "1,2";
			};
			name = Release;
		};
/* End XCBuildConfiguration section */

/* Begin XCConfigurationList section */
		7923BCDB29DC5BBC00715344 /* Build configuration list for PBXProject "GoodNews" */ = {
			isa = XCConfigurationList;
			buildConfigurations = (
				7923BCF229DC5BBD00715344 /* Debug */,
				7923BCF329DC5BBD00715344 /* Release */,
			);
			defaultConfigurationIsVisible = 0;
			defaultConfigurationName = Release;
		};
		7923BCF429DC5BBD00715344 /* Build configuration list for PBXNativeTarget "GoodNews" */ = {
			isa = XCConfigurationList;
			buildConfigurations = (
				7923BCF529DC5BBD00715344 /* Debug */,
				7923BCF629DC5BBD00715344 /* Release */,
			);
			defaultConfigurationIsVisible = 0;
			defaultConfigurationName = Release;
		};
/* End XCConfigurationList section */
	};
	rootObject = 7923BCD829DC5BBC00715344 /* Project object */;
}
